// !$*UTF8*$!
{
	archiveVersion = 1;
	classes = {
	};
	objectVersion = 46;
	objects = {

/* Begin PBXBuildFile section */
		578863801A1C01820077B825 /* AppDelegate.swift in Sources */ = {isa = PBXBuildFile; fileRef = 5788637F1A1C01820077B825 /* AppDelegate.swift */; };
		578863821A1C01820077B825 /* ViewController.swift in Sources */ = {isa = PBXBuildFile; fileRef = 578863811A1C01820077B825 /* ViewController.swift */; };
		578863851A1C01830077B825 /* Main.storyboard in Resources */ = {isa = PBXBuildFile; fileRef = 578863831A1C01830077B825 /* Main.storyboard */; };
		578863871A1C01830077B825 /* Images.xcassets in Resources */ = {isa = PBXBuildFile; fileRef = 578863861A1C01830077B825 /* Images.xcassets */; };
		5788638A1A1C01830077B825 /* LaunchScreen.xib in Resources */ = {isa = PBXBuildFile; fileRef = 578863881A1C01830077B825 /* LaunchScreen.xib */; };
		578863961A1C01830077B825 /* pi_with_parse_demoTests.swift in Sources */ = {isa = PBXBuildFile; fileRef = 578863951A1C01830077B825 /* pi_with_parse_demoTests.swift */; };
		578863A11A1C03A40077B825 /* Bolts.framework in Frameworks */ = {isa = PBXBuildFile; fileRef = 5788639F1A1C03A40077B825 /* Bolts.framework */; };
		578863A21A1C03A40077B825 /* Parse.framework in Frameworks */ = {isa = PBXBuildFile; fileRef = 578863A01A1C03A40077B825 /* Parse.framework */; };
		578863A41A1C03C70077B825 /* AudioToolbox.framework in Frameworks */ = {isa = PBXBuildFile; fileRef = 578863A31A1C03C70077B825 /* AudioToolbox.framework */; };
		578863A61A1C03CF0077B825 /* CFNetwork.framework in Frameworks */ = {isa = PBXBuildFile; fileRef = 578863A51A1C03CF0077B825 /* CFNetwork.framework */; };
		578863A81A1C03D60077B825 /* CoreGraphics.framework in Frameworks */ = {isa = PBXBuildFile; fileRef = 578863A71A1C03D60077B825 /* CoreGraphics.framework */; };
		578863AA1A1C03DB0077B825 /* CoreLocation.framework in Frameworks */ = {isa = PBXBuildFile; fileRef = 578863A91A1C03DB0077B825 /* CoreLocation.framework */; };
		578863AC1A1C03E60077B825 /* libz.dylib in Frameworks */ = {isa = PBXBuildFile; fileRef = 578863AB1A1C03E60077B825 /* libz.dylib */; };
		578863AE1A1C03EE0077B825 /* MobileCoreServices.framework in Frameworks */ = {isa = PBXBuildFile; fileRef = 578863AD1A1C03EE0077B825 /* MobileCoreServices.framework */; };
		578863B01A1C03F60077B825 /* QuartzCore.framework in Frameworks */ = {isa = PBXBuildFile; fileRef = 578863AF1A1C03F60077B825 /* QuartzCore.framework */; };
		578863B21A1C03FD0077B825 /* Security.framework in Frameworks */ = {isa = PBXBuildFile; fileRef = 578863B11A1C03FD0077B825 /* Security.framework */; };
		578863B41A1C04050077B825 /* StoreKit.framework in Frameworks */ = {isa = PBXBuildFile; fileRef = 578863B31A1C04050077B825 /* StoreKit.framework */; };
		578863B61A1C040E0077B825 /* SystemConfiguration.framework in Frameworks */ = {isa = PBXBuildFile; fileRef = 578863B51A1C040E0077B825 /* SystemConfiguration.framework */; };
/* End PBXBuildFile section */

/* Begin PBXContainerItemProxy section */
		578863901A1C01830077B825 /* PBXContainerItemProxy */ = {
			isa = PBXContainerItemProxy;
			containerPortal = 578863721A1C01820077B825 /* Project object */;
			proxyType = 1;
			remoteGlobalIDString = 578863791A1C01820077B825;
			remoteInfo = pi_with_parse_demo;
		};
/* End PBXContainerItemProxy section */

/* Begin PBXFileReference section */
		5788637A1A1C01820077B825 /* pi_with_parse_demo.app */ = {isa = PBXFileReference; explicitFileType = wrapper.application; includeInIndex = 0; path = pi_with_parse_demo.app; sourceTree = BUILT_PRODUCTS_DIR; };
		5788637E1A1C01820077B825 /* Info.plist */ = {isa = PBXFileReference; lastKnownFileType = text.plist.xml; path = Info.plist; sourceTree = "<group>"; };
		5788637F1A1C01820077B825 /* AppDelegate.swift */ = {isa = PBXFileReference; lastKnownFileType = sourcecode.swift; path = AppDelegate.swift; sourceTree = "<group>"; };
		578863811A1C01820077B825 /* ViewController.swift */ = {isa = PBXFileReference; lastKnownFileType = sourcecode.swift; path = ViewController.swift; sourceTree = "<group>"; };
		578863841A1C01830077B825 /* Base */ = {isa = PBXFileReference; lastKnownFileType = file.storyboard; name = Base; path = Base.lproj/Main.storyboard; sourceTree = "<group>"; };
		578863861A1C01830077B825 /* Images.xcassets */ = {isa = PBXFileReference; lastKnownFileType = folder.assetcatalog; path = Images.xcassets; sourceTree = "<group>"; };
		578863891A1C01830077B825 /* Base */ = {isa = PBXFileReference; lastKnownFileType = file.xib; name = Base; path = Base.lproj/LaunchScreen.xib; sourceTree = "<group>"; };
		5788638F1A1C01830077B825 /* pi_with_parse_demoTests.xctest */ = {isa = PBXFileReference; explicitFileType = wrapper.cfbundle; includeInIndex = 0; path = pi_with_parse_demoTests.xctest; sourceTree = BUILT_PRODUCTS_DIR; };
		578863941A1C01830077B825 /* Info.plist */ = {isa = PBXFileReference; lastKnownFileType = text.plist.xml; path = Info.plist; sourceTree = "<group>"; };
		578863951A1C01830077B825 /* pi_with_parse_demoTests.swift */ = {isa = PBXFileReference; lastKnownFileType = sourcecode.swift; path = pi_with_parse_demoTests.swift; sourceTree = "<group>"; };
		5788639F1A1C03A40077B825 /* Bolts.framework */ = {isa = PBXFileReference; lastKnownFileType = wrapper.framework; path = Bolts.framework; sourceTree = "<group>"; };
		578863A01A1C03A40077B825 /* Parse.framework */ = {isa = PBXFileReference; lastKnownFileType = wrapper.framework; path = Parse.framework; sourceTree = "<group>"; };
		578863A31A1C03C70077B825 /* AudioToolbox.framework */ = {isa = PBXFileReference; lastKnownFileType = wrapper.framework; name = AudioToolbox.framework; path = System/Library/Frameworks/AudioToolbox.framework; sourceTree = SDKROOT; };
		578863A51A1C03CF0077B825 /* CFNetwork.framework */ = {isa = PBXFileReference; lastKnownFileType = wrapper.framework; name = CFNetwork.framework; path = System/Library/Frameworks/CFNetwork.framework; sourceTree = SDKROOT; };
		578863A71A1C03D60077B825 /* CoreGraphics.framework */ = {isa = PBXFileReference; lastKnownFileType = wrapper.framework; name = CoreGraphics.framework; path = System/Library/Frameworks/CoreGraphics.framework; sourceTree = SDKROOT; };
		578863A91A1C03DB0077B825 /* CoreLocation.framework */ = {isa = PBXFileReference; lastKnownFileType = wrapper.framework; name = CoreLocation.framework; path = System/Library/Frameworks/CoreLocation.framework; sourceTree = SDKROOT; };
		578863AB1A1C03E60077B825 /* libz.dylib */ = {isa = PBXFileReference; lastKnownFileType = "compiled.mach-o.dylib"; name = libz.dylib; path = usr/lib/libz.dylib; sourceTree = SDKROOT; };
		578863AD1A1C03EE0077B825 /* MobileCoreServices.framework */ = {isa = PBXFileReference; lastKnownFileType = wrapper.framework; name = MobileCoreServices.framework; path = System/Library/Frameworks/MobileCoreServices.framework; sourceTree = SDKROOT; };
		578863AF1A1C03F60077B825 /* QuartzCore.framework */ = {isa = PBXFileReference; lastKnownFileType = wrapper.framework; name = QuartzCore.framework; path = System/Library/Frameworks/QuartzCore.framework; sourceTree = SDKROOT; };
		578863B11A1C03FD0077B825 /* Security.framework */ = {isa = PBXFileReference; lastKnownFileType = wrapper.framework; name = Security.framework; path = System/Library/Frameworks/Security.framework; sourceTree = SDKROOT; };
		578863B31A1C04050077B825 /* StoreKit.framework */ = {isa = PBXFileReference; lastKnownFileType = wrapper.framework; name = StoreKit.framework; path = System/Library/Frameworks/StoreKit.framework; sourceTree = SDKROOT; };
		578863B51A1C040E0077B825 /* SystemConfiguration.framework */ = {isa = PBXFileReference; lastKnownFileType = wrapper.framework; name = SystemConfiguration.framework; path = System/Library/Frameworks/SystemConfiguration.framework; sourceTree = SDKROOT; };
/* End PBXFileReference section */

/* Begin PBXFrameworksBuildPhase section */
		578863771A1C01820077B825 /* Frameworks */ = {
			isa = PBXFrameworksBuildPhase;
			buildActionMask = 2147483647;
			files = (
				578863B61A1C040E0077B825 /* SystemConfiguration.framework in Frameworks */,
				578863B41A1C04050077B825 /* StoreKit.framework in Frameworks */,
				578863B21A1C03FD0077B825 /* Security.framework in Frameworks */,
				578863B01A1C03F60077B825 /* QuartzCore.framework in Frameworks */,
				578863AE1A1C03EE0077B825 /* MobileCoreServices.framework in Frameworks */,
				578863AC1A1C03E60077B825 /* libz.dylib in Frameworks */,
				578863AA1A1C03DB0077B825 /* CoreLocation.framework in Frameworks */,
				578863A81A1C03D60077B825 /* CoreGraphics.framework in Frameworks */,
				578863A61A1C03CF0077B825 /* CFNetwork.framework in Frameworks */,
				578863A41A1C03C70077B825 /* AudioToolbox.framework in Frameworks */,
				578863A21A1C03A40077B825 /* Parse.framework in Frameworks */,
				578863A11A1C03A40077B825 /* Bolts.framework in Frameworks */,
			);
			runOnlyForDeploymentPostprocessing = 0;
		};
		5788638C1A1C01830077B825 /* Frameworks */ = {
			isa = PBXFrameworksBuildPhase;
			buildActionMask = 2147483647;
			files = (
			);
			runOnlyForDeploymentPostprocessing = 0;
		};
/* End PBXFrameworksBuildPhase section */

/* Begin PBXGroup section */
		578863711A1C01820077B825 = {
			isa = PBXGroup;
			children = (
				578863B51A1C040E0077B825 /* SystemConfiguration.framework */,
				578863B31A1C04050077B825 /* StoreKit.framework */,
				578863B11A1C03FD0077B825 /* Security.framework */,
				578863AF1A1C03F60077B825 /* QuartzCore.framework */,
				578863AD1A1C03EE0077B825 /* MobileCoreServices.framework */,
				578863AB1A1C03E60077B825 /* libz.dylib */,
				578863A91A1C03DB0077B825 /* CoreLocation.framework */,
				578863A71A1C03D60077B825 /* CoreGraphics.framework */,
				578863A51A1C03CF0077B825 /* CFNetwork.framework */,
				578863A31A1C03C70077B825 /* AudioToolbox.framework */,
				5788637C1A1C01820077B825 /* pi_with_parse_demo */,
				578863921A1C01830077B825 /* pi_with_parse_demoTests */,
				5788637B1A1C01820077B825 /* Products */,
			);
			sourceTree = "<group>";
		};
		5788637B1A1C01820077B825 /* Products */ = {
			isa = PBXGroup;
			children = (
				5788637A1A1C01820077B825 /* pi_with_parse_demo.app */,
				5788638F1A1C01830077B825 /* pi_with_parse_demoTests.xctest */,
			);
			name = Products;
			sourceTree = "<group>";
		};
		5788637C1A1C01820077B825 /* pi_with_parse_demo */ = {
			isa = PBXGroup;
			children = (
				5788639F1A1C03A40077B825 /* Bolts.framework */,
				578863A01A1C03A40077B825 /* Parse.framework */,
				5788637F1A1C01820077B825 /* AppDelegate.swift */,
				578863811A1C01820077B825 /* ViewController.swift */,
				578863831A1C01830077B825 /* Main.storyboard */,
				578863861A1C01830077B825 /* Images.xcassets */,
				578863881A1C01830077B825 /* LaunchScreen.xib */,
				5788637D1A1C01820077B825 /* Supporting Files */,
			);
			path = pi_with_parse_demo;
			sourceTree = "<group>";
		};
		5788637D1A1C01820077B825 /* Supporting Files */ = {
			isa = PBXGroup;
			children = (
				5788637E1A1C01820077B825 /* Info.plist */,
			);
			name = "Supporting Files";
			sourceTree = "<group>";
		};
		578863921A1C01830077B825 /* pi_with_parse_demoTests */ = {
			isa = PBXGroup;
			children = (
				578863951A1C01830077B825 /* pi_with_parse_demoTests.swift */,
				578863931A1C01830077B825 /* Supporting Files */,
			);
			path = pi_with_parse_demoTests;
			sourceTree = "<group>";
		};
		578863931A1C01830077B825 /* Supporting Files */ = {
			isa = PBXGroup;
			children = (
				578863941A1C01830077B825 /* Info.plist */,
			);
			name = "Supporting Files";
			sourceTree = "<group>";
		};
/* End PBXGroup section */

/* Begin PBXNativeTarget section */
		578863791A1C01820077B825 /* pi_with_parse_demo */ = {
			isa = PBXNativeTarget;
			buildConfigurationList = 578863991A1C01830077B825 /* Build configuration list for PBXNativeTarget "pi_with_parse_demo" */;
			buildPhases = (
				578863761A1C01820077B825 /* Sources */,
				578863771A1C01820077B825 /* Frameworks */,
				578863781A1C01820077B825 /* Resources */,
			);
			buildRules = (
			);
			dependencies = (
			);
			name = pi_with_parse_demo;
			productName = pi_with_parse_demo;
			productReference = 5788637A1A1C01820077B825 /* pi_with_parse_demo.app */;
			productType = "com.apple.product-type.application";
		};
		5788638E1A1C01830077B825 /* pi_with_parse_demoTests */ = {
			isa = PBXNativeTarget;
			buildConfigurationList = 5788639C1A1C01830077B825 /* Build configuration list for PBXNativeTarget "pi_with_parse_demoTests" */;
			buildPhases = (
				5788638B1A1C01830077B825 /* Sources */,
				5788638C1A1C01830077B825 /* Frameworks */,
				5788638D1A1C01830077B825 /* Resources */,
			);
			buildRules = (
			);
			dependencies = (
				578863911A1C01830077B825 /* PBXTargetDependency */,
			);
			name = pi_with_parse_demoTests;
			productName = pi_with_parse_demoTests;
			productReference = 5788638F1A1C01830077B825 /* pi_with_parse_demoTests.xctest */;
			productType = "com.apple.product-type.bundle.unit-test";
		};
/* End PBXNativeTarget section */

/* Begin PBXProject section */
		578863721A1C01820077B825 /* Project object */ = {
			isa = PBXProject;
			attributes = {
				LastUpgradeCheck = 0610;
				ORGANIZATIONNAME = "Matthew Chess";
				TargetAttributes = {
					578863791A1C01820077B825 = {
						CreatedOnToolsVersion = 6.1;
					};
					5788638E1A1C01830077B825 = {
						CreatedOnToolsVersion = 6.1;
						TestTargetID = 578863791A1C01820077B825;
					};
				};
			};
			buildConfigurationList = 578863751A1C01820077B825 /* Build configuration list for PBXProject "pi_with_parse_demo" */;
			compatibilityVersion = "Xcode 3.2";
			developmentRegion = English;
			hasScannedForEncodings = 0;
			knownRegions = (
				en,
				Base,
			);
			mainGroup = 578863711A1C01820077B825;
			productRefGroup = 5788637B1A1C01820077B825 /* Products */;
			projectDirPath = "";
			projectRoot = "";
			targets = (
				578863791A1C01820077B825 /* pi_with_parse_demo */,
				5788638E1A1C01830077B825 /* pi_with_parse_demoTests */,
			);
		};
/* End PBXProject section */

/* Begin PBXResourcesBuildPhase section */
		578863781A1C01820077B825 /* Resources */ = {
			isa = PBXResourcesBuildPhase;
			buildActionMask = 2147483647;
			files = (
				578863851A1C01830077B825 /* Main.storyboard in Resources */,
				5788638A1A1C01830077B825 /* LaunchScreen.xib in Resources */,
				578863871A1C01830077B825 /* Images.xcassets in Resources */,
			);
			runOnlyForDeploymentPostprocessing = 0;
		};
		5788638D1A1C01830077B825 /* Resources */ = {
			isa = PBXResourcesBuildPhase;
			buildActionMask = 2147483647;
			files = (
			);
			runOnlyForDeploymentPostprocessing = 0;
		};
/* End PBXResourcesBuildPhase section */

/* Begin PBXSourcesBuildPhase section */
		578863761A1C01820077B825 /* Sources */ = {
			isa = PBXSourcesBuildPhase;
			buildActionMask = 2147483647;
			files = (
				578863821A1C01820077B825 /* ViewController.swift in Sources */,
				578863801A1C01820077B825 /* AppDelegate.swift in Sources */,
			);
			runOnlyForDeploymentPostprocessing = 0;
		};
		5788638B1A1C01830077B825 /* Sources */ = {
			isa = PBXSourcesBuildPhase;
			buildActionMask = 2147483647;
			files = (
				578863961A1C01830077B825 /* pi_with_parse_demoTests.swift in Sources */,
			);
			runOnlyForDeploymentPostprocessing = 0;
		};
/* End PBXSourcesBuildPhase section */

/* Begin PBXTargetDependency section */
		578863911A1C01830077B825 /* PBXTargetDependency */ = {
			isa = PBXTargetDependency;
			target = 578863791A1C01820077B825 /* pi_with_parse_demo */;
			targetProxy = 578863901A1C01830077B825 /* PBXContainerItemProxy */;
		};
/* End PBXTargetDependency section */

/* Begin PBXVariantGroup section */
		578863831A1C01830077B825 /* Main.storyboard */ = {
			isa = PBXVariantGroup;
			children = (
				578863841A1C01830077B825 /* Base */,
			);
			name = Main.storyboard;
			sourceTree = "<group>";
		};
		578863881A1C01830077B825 /* LaunchScreen.xib */ = {
			isa = PBXVariantGroup;
			children = (
				578863891A1C01830077B825 /* Base */,
			);
			name = LaunchScreen.xib;
			sourceTree = "<group>";
		};
/* End PBXVariantGroup section */

/* Begin XCBuildConfiguration section */
		578863971A1C01830077B825 /* Debug */ = {
			isa = XCBuildConfiguration;
			buildSettings = {
				ALWAYS_SEARCH_USER_PATHS = NO;
				CLANG_CXX_LANGUAGE_STANDARD = "gnu++0x";
				CLANG_CXX_LIBRARY = "libc++";
				CLANG_ENABLE_MODULES = YES;
				CLANG_ENABLE_OBJC_ARC = YES;
				CLANG_WARN_BOOL_CONVERSION = YES;
				CLANG_WARN_CONSTANT_CONVERSION = YES;
				CLANG_WARN_DIRECT_OBJC_ISA_USAGE = YES_ERROR;
				CLANG_WARN_EMPTY_BODY = YES;
				CLANG_WARN_ENUM_CONVERSION = YES;
				CLANG_WARN_INT_CONVERSION = YES;
				CLANG_WARN_OBJC_ROOT_CLASS = YES_ERROR;
				CLANG_WARN_UNREACHABLE_CODE = YES;
				CLANG_WARN__DUPLICATE_METHOD_MATCH = YES;
				"CODE_SIGN_IDENTITY[sdk=iphoneos*]" = "iPhone Developer";
				COPY_PHASE_STRIP = NO;
				ENABLE_STRICT_OBJC_MSGSEND = YES;
				GCC_C_LANGUAGE_STANDARD = gnu99;
				GCC_DYNAMIC_NO_PIC = NO;
				GCC_OPTIMIZATION_LEVEL = 0;
				GCC_PREPROCESSOR_DEFINITIONS = (
					"DEBUG=1",
					"$(inherited)",
				);
				GCC_SYMBOLS_PRIVATE_EXTERN = NO;
				GCC_WARN_64_TO_32_BIT_CONVERSION = YES;
				GCC_WARN_ABOUT_RETURN_TYPE = YES_ERROR;
				GCC_WARN_UNDECLARED_SELECTOR = YES;
				GCC_WARN_UNINITIALIZED_AUTOS = YES_AGGRESSIVE;
				GCC_WARN_UNUSED_FUNCTION = YES;
				GCC_WARN_UNUSED_VARIABLE = YES;
				IPHONEOS_DEPLOYMENT_TARGET = 8.1;
				MTL_ENABLE_DEBUG_INFO = YES;
				ONLY_ACTIVE_ARCH = YES;
				SDKROOT = iphoneos;
				SWIFT_OPTIMIZATION_LEVEL = "-Onone";
			};
			name = Debug;
		};
		578863981A1C01830077B825 /* Release */ = {
			isa = XCBuildConfiguration;
			buildSettings = {
				ALWAYS_SEARCH_USER_PATHS = NO;
				CLANG_CXX_LANGUAGE_STANDARD = "gnu++0x";
				CLANG_CXX_LIBRARY = "libc++";
				CLANG_ENABLE_MODULES = YES;
				CLANG_ENABLE_OBJC_ARC = YES;
				CLANG_WARN_BOOL_CONVERSION = YES;
				CLANG_WARN_CONSTANT_CONVERSION = YES;
				CLANG_WARN_DIRECT_OBJC_ISA_USAGE = YES_ERROR;
				CLANG_WARN_EMPTY_BODY = YES;
				CLANG_WARN_ENUM_CONVERSION = YES;
				CLANG_WARN_INT_CONVERSION = YES;
				CLANG_WARN_OBJC_ROOT_CLASS = YES_ERROR;
				CLANG_WARN_UNREACHABLE_CODE = YES;
				CLANG_WARN__DUPLICATE_METHOD_MATCH = YES;
				"CODE_SIGN_IDENTITY[sdk=iphoneos*]" = "iPhone Developer";
				COPY_PHASE_STRIP = YES;
				ENABLE_NS_ASSERTIONS = NO;
				ENABLE_STRICT_OBJC_MSGSEND = YES;
				GCC_C_LANGUAGE_STANDARD = gnu99;
				GCC_WARN_64_TO_32_BIT_CONVERSION = YES;
				GCC_WARN_ABOUT_RETURN_TYPE = YES_ERROR;
				GCC_WARN_UNDECLARED_SELECTOR = YES;
				GCC_WARN_UNINITIALIZED_AUTOS = YES_AGGRESSIVE;
				GCC_WARN_UNUSED_FUNCTION = YES;
				GCC_WARN_UNUSED_VARIABLE = YES;
				IPHONEOS_DEPLOYMENT_TARGET = 8.1;
				MTL_ENABLE_DEBUG_INFO = NO;
				SDKROOT = iphoneos;
				VALIDATE_PRODUCT = YES;
			};
			name = Release;
		};
		5788639A1A1C01830077B825 /* Debug */ = {
			isa = XCBuildConfiguration;
			buildSettings = {
				ASSETCATALOG_COMPILER_APPICON_NAME = AppIcon;
				FRAMEWORK_SEARCH_PATHS = (
					"$(inherited)",
					"$(PROJECT_DIR)/pi_with_parse_demo",
				);
				INFOPLIST_FILE = pi_with_parse_demo/Info.plist;
				LD_RUNPATH_SEARCH_PATHS = "$(inherited) @executable_path/Frameworks";
				PRODUCT_NAME = "$(TARGET_NAME)";
			};
			name = Debug;
		};
		5788639B1A1C01830077B825 /* Release */ = {
			isa = XCBuildConfiguration;
			buildSettings = {
				ASSETCATALOG_COMPILER_APPICON_NAME = AppIcon;
				FRAMEWORK_SEARCH_PATHS = (
					"$(inherited)",
					"$(PROJECT_DIR)/pi_with_parse_demo",
				);
				INFOPLIST_FILE = pi_with_parse_demo/Info.plist;
				LD_RUNPATH_SEARCH_PATHS = "$(inherited) @executable_path/Frameworks";
				PRODUCT_NAME = "$(TARGET_NAME)";
			};
			name = Release;
		};
		5788639D1A1C01830077B825 /* Debug */ = {
			isa = XCBuildConfiguration;
			buildSettings = {
				BUNDLE_LOADER = "$(TEST_HOST)";
				FRAMEWORK_SEARCH_PATHS = (
					"$(SDKROOT)/Developer/Library/Frameworks",
					"$(inherited)",
				);
				GCC_PREPROCESSOR_DEFINITIONS = (
					"DEBUG=1",
					"$(inherited)",
				);
				INFOPLIST_FILE = pi_with_parse_demoTests/Info.plist;
				LD_RUNPATH_SEARCH_PATHS = "$(inherited) @executable_path/Frameworks @loader_path/Frameworks";
				PRODUCT_NAME = "$(TARGET_NAME)";
				TEST_HOST = "$(BUILT_PRODUCTS_DIR)/pi_with_parse_demo.app/pi_with_parse_demo";
			};
			name = Debug;
		};
		5788639E1A1C01830077B825 /* Release */ = {
			isa = XCBuildConfiguration;
			buildSettings = {
				BUNDLE_LOADER = "$(TEST_HOST)";
				FRAMEWORK_SEARCH_PATHS = (
					"$(SDKROOT)/Developer/Library/Frameworks",
					"$(inherited)",
				);
				INFOPLIST_FILE = pi_with_parse_demoTests/Info.plist;
				LD_RUNPATH_SEARCH_PATHS = "$(inherited) @executable_path/Frameworks @loader_path/Frameworks";
				PRODUCT_NAME = "$(TARGET_NAME)";
				TEST_HOST = "$(BUILT_PRODUCTS_DIR)/pi_with_parse_demo.app/pi_with_parse_demo";
			};
			name = Release;
		};
/* End XCBuildConfiguration section */

/* Begin XCConfigurationList section */
		578863751A1C01820077B825 /* Build configuration list for PBXProject "pi_with_parse_demo" */ = {
			isa = XCConfigurationList;
			buildConfigurations = (
				578863971A1C01830077B825 /* Debug */,
				578863981A1C01830077B825 /* Release */,
			);
			defaultConfigurationIsVisible = 0;
			defaultConfigurationName = Release;
		};
		578863991A1C01830077B825 /* Build configuration list for PBXNativeTarget "pi_with_parse_demo" */ = {
			isa = XCConfigurationList;
			buildConfigurations = (
				5788639A1A1C01830077B825 /* Debug */,
				5788639B1A1C01830077B825 /* Release */,
			);
			defaultConfigurationIsVisible = 0;
		};
		5788639C1A1C01830077B825 /* Build configuration list for PBXNativeTarget "pi_with_parse_demoTests" */ = {
			isa = XCConfigurationList;
			buildConfigurations = (
				5788639D1A1C01830077B825 /* Debug */,
				5788639E1A1C01830077B825 /* Release */,
			);
			defaultConfigurationIsVisible = 0;
		};
/* End XCConfigurationList section */
	};
	rootObject = 578863721A1C01820077B825 /* Project object */;
}
